[tools."aqua:golangci/golangci-lint"]
version = "2.1.6"
backend = "aqua:golangci/golangci-lint"

[tools."aqua:golangci/golangci-lint".checksums]
"golangci-lint-2.1.6-darwin-arm64.tar.gz" = "sha256:90783fa092a0f64a4f7b7d419f3da1f53207e300261773babe962957240e9ea6"

[tools.go]
version = "1.24.3"
backend = "core:go"

[tools.go.checksums]
"go1.24.3.darwin-arm64.tar.gz" = "sha256:64a3fa22142f627e78fac3018ce3d4aeace68b743eff0afda8aae0411df5e4fb"

[tools.gofumpt]
version = "0.8.0"
backend = "ubi:mvdan/gofumpt"

[tools."ubi:abhinav/doc2go"]
version = "0.8.1"
backend = "ubi:abhinav/doc2go"

[tools."ubi:miniscruff/changie"]
version = "1.21.1"
backend = "ubi:miniscruff/changie"
